{
    "_meta": {
        "hash": {
            "sha256": "f03f2b135cb79bc05291f4e22697a7bc54b4104fe70ccfb2f7830d5bb21ab4ae"
        },
        "pipfile-spec": 6,
        "requires": {
            "python_version": "3.8"
        },
        "sources": [
            {
                "name": "pypi",
                "url": "https://pypi.org/simple",
                "verify_ssl": true
            }
        ]
    },
    "default": {
        "apache-libcloud": {
            "hashes": [
                "sha256:75bf4c0b123bc225e24ca95fca1c35be30b19e6bb85feea781404d43c4276c91",
                "sha256:de65a8bd946f6532830f20a83f2eae2fa056f05a674fad30afe877cb78df6050"
            ],
            "markers": "python_version >= '3.7'",
            "version": "==3.8.0"
        },
        "certifi": {
            "hashes": [
                "sha256:9b469f3a900bf28dc19b8cfbf8019bf47f7fdd1a65a1d4ffb98fc14166beb4d1",
                "sha256:e036ab49d5b79556f99cfc2d9320b34cfbe5be05c5871b51de9329f0603b0474"
            ],
            "markers": "python_version >= '3.6'",
            "version": "==2023.11.17"
        },
        "charset-normalizer": {
            "hashes": [
                "sha256:06435b539f889b1f6f4ac1758871aae42dc3a8c0e24ac9e60c2384973ad73027",
                "sha256:06a81e93cd441c56a9b65d8e1d043daeb97a3d0856d177d5c90ba85acb3db087",
                "sha256:0a55554a2fa0d408816b3b5cedf0045f4b8e1a6065aec45849de2d6f3f8e9786",
                "sha256:0b2b64d2bb6d3fb9112bafa732def486049e63de9618b5843bcdd081d8144cd8",
                "sha256:10955842570876604d404661fbccbc9c7e684caf432c09c715ec38fbae45ae09",
                "sha256:122c7fa62b130ed55f8f285bfd56d5f4b4a5b503609d181f9ad85e55c89f4185",
                "sha256:1ceae2f17a9c33cb48e3263960dc5fc8005351ee19db217e9b1bb15d28c02574",
                "sha256:1d3193f4a680c64b4b6a9115943538edb896edc190f0b222e73761716519268e",
                "sha256:1f79682fbe303db92bc2b1136016a38a42e835d932bab5b3b1bfcfbf0640e519",
                "sha256:2127566c664442652f024c837091890cb1942c30937add288223dc895793f898",
                "sha256:22afcb9f253dac0696b5a4be4a1c0f8762f8239e21b99680099abd9b2b1b2269",
                "sha256:25baf083bf6f6b341f4121c2f3c548875ee6f5339300e08be3f2b2ba1721cdd3",
                "sha256:2e81c7b9c8979ce92ed306c249d46894776a909505d8f5a4ba55b14206e3222f",
                "sha256:3287761bc4ee9e33561a7e058c72ac0938c4f57fe49a09eae428fd88aafe7bb6",
                "sha256:34d1c8da1e78d2e001f363791c98a272bb734000fcef47a491c1e3b0505657a8",
                "sha256:37e55c8e51c236f95b033f6fb391d7d7970ba5fe7ff453dad675e88cf303377a",
                "sha256:3d47fa203a7bd9c5b6cee4736ee84ca03b8ef23193c0d1ca99b5089f72645c73",
                "sha256:3e4d1f6587322d2788836a99c69062fbb091331ec940e02d12d179c1d53e25fc",
                "sha256:42cb296636fcc8b0644486d15c12376cb9fa75443e00fb25de0b8602e64c1714",
                "sha256:45485e01ff4d3630ec0d9617310448a8702f70e9c01906b0d0118bdf9d124cf2",
                "sha256:4a78b2b446bd7c934f5dcedc588903fb2f5eec172f3d29e52a9096a43722adfc",
                "sha256:4ab2fe47fae9e0f9dee8c04187ce5d09f48eabe611be8259444906793ab7cbce",
                "sha256:4d0d1650369165a14e14e1e47b372cfcb31d6ab44e6e33cb2d4e57265290044d",
                "sha256:549a3a73da901d5bc3ce8d24e0600d1fa85524c10287f6004fbab87672bf3e1e",
                "sha256:55086ee1064215781fff39a1af09518bc9255b50d6333f2e4c74ca09fac6a8f6",
                "sha256:572c3763a264ba47b3cf708a44ce965d98555f618ca42c926a9c1616d8f34269",
                "sha256:573f6eac48f4769d667c4442081b1794f52919e7edada77495aaed9236d13a96",
                "sha256:5b4c145409bef602a690e7cfad0a15a55c13320ff7a3ad7ca59c13bb8ba4d45d",
                "sha256:6463effa3186ea09411d50efc7d85360b38d5f09b870c48e4600f63af490e56a",
                "sha256:65f6f63034100ead094b8744b3b97965785388f308a64cf8d7c34f2f2e5be0c4",
                "sha256:663946639d296df6a2bb2aa51b60a2454ca1cb29835324c640dafb5ff2131a77",
                "sha256:6897af51655e3691ff853668779c7bad41579facacf5fd7253b0133308cf000d",
                "sha256:68d1f8a9e9e37c1223b656399be5d6b448dea850bed7d0f87a8311f1ff3dabb0",
                "sha256:6ac7ffc7ad6d040517be39eb591cac5ff87416c2537df6ba3cba3bae290c0fed",
                "sha256:6b3251890fff30ee142c44144871185dbe13b11bab478a88887a639655be1068",
                "sha256:6c4caeef8fa63d06bd437cd4bdcf3ffefe6738fb1b25951440d80dc7df8c03ac",
                "sha256:6ef1d82a3af9d3eecdba2321dc1b3c238245d890843e040e41e470ffa64c3e25",
                "sha256:753f10e867343b4511128c6ed8c82f7bec3bd026875576dfd88483c5c73b2fd8",
                "sha256:7cd13a2e3ddeed6913a65e66e94b51d80a041145a026c27e6bb76c31a853c6ab",
                "sha256:7ed9e526742851e8d5cc9e6cf41427dfc6068d4f5a3bb03659444b4cabf6bc26",
                "sha256:7f04c839ed0b6b98b1a7501a002144b76c18fb1c1850c8b98d458ac269e26ed2",
                "sha256:802fe99cca7457642125a8a88a084cef28ff0cf9407060f7b93dca5aa25480db",
                "sha256:80402cd6ee291dcb72644d6eac93785fe2c8b9cb30893c1af5b8fdd753b9d40f",
                "sha256:8465322196c8b4d7ab6d1e049e4c5cb460d0394da4a27d23cc242fbf0034b6b5",
                "sha256:86216b5cee4b06df986d214f664305142d9c76df9b6512be2738aa72a2048f99",
                "sha256:87d1351268731db79e0f8e745d92493ee2841c974128ef629dc518b937d9194c",
                "sha256:8bdb58ff7ba23002a4c5808d608e4e6c687175724f54a5dade5fa8c67b604e4d",
                "sha256:8c622a5fe39a48f78944a87d4fb8a53ee07344641b0562c540d840748571b811",
                "sha256:8d756e44e94489e49571086ef83b2bb8ce311e730092d2c34ca8f7d925cb20aa",
                "sha256:8f4a014bc36d3c57402e2977dada34f9c12300af536839dc38c0beab8878f38a",
                "sha256:9063e24fdb1e498ab71cb7419e24622516c4a04476b17a2dab57e8baa30d6e03",
                "sha256:90d558489962fd4918143277a773316e56c72da56ec7aa3dc3dbbe20fdfed15b",
                "sha256:923c0c831b7cfcb071580d3f46c4baf50f174be571576556269530f4bbd79d04",
                "sha256:95f2a5796329323b8f0512e09dbb7a1860c46a39da62ecb2324f116fa8fdc85c",
                "sha256:96b02a3dc4381e5494fad39be677abcb5e6634bf7b4fa83a6dd3112607547001",
                "sha256:9f96df6923e21816da7e0ad3fd47dd8f94b2a5ce594e00677c0013018b813458",
                "sha256:a10af20b82360ab00827f916a6058451b723b4e65030c5a18577c8b2de5b3389",
                "sha256:a50aebfa173e157099939b17f18600f72f84eed3049e743b68ad15bd69b6bf99",
                "sha256:a981a536974bbc7a512cf44ed14938cf01030a99e9b3a06dd59578882f06f985",
                "sha256:a9a8e9031d613fd2009c182b69c7b2c1ef8239a0efb1df3f7c8da66d5dd3d537",
                "sha256:ae5f4161f18c61806f411a13b0310bea87f987c7d2ecdbdaad0e94eb2e404238",
                "sha256:aed38f6e4fb3f5d6bf81bfa990a07806be9d83cf7bacef998ab1a9bd660a581f",
                "sha256:b01b88d45a6fcb69667cd6d2f7a9aeb4bf53760d7fc536bf679ec94fe9f3ff3d",
                "sha256:b261ccdec7821281dade748d088bb6e9b69e6d15b30652b74cbbac25e280b796",
                "sha256:b2b0a0c0517616b6869869f8c581d4eb2dd83a4d79e0ebcb7d373ef9956aeb0a",
                "sha256:b4a23f61ce87adf89be746c8a8974fe1c823c891d8f86eb218bb957c924bb143",
                "sha256:bd8f7df7d12c2db9fab40bdd87a7c09b1530128315d047a086fa3ae3435cb3a8",
                "sha256:beb58fe5cdb101e3a055192ac291b7a21e3b7ef4f67fa1d74e331a7f2124341c",
                "sha256:c002b4ffc0be611f0d9da932eb0f704fe2602a9a949d1f738e4c34c75b0863d5",
                "sha256:c083af607d2515612056a31f0a8d9e0fcb5876b7bfc0abad3ecd275bc4ebc2d5",
                "sha256:c180f51afb394e165eafe4ac2936a14bee3eb10debc9d9e4db8958fe36afe711",
                "sha256:c235ebd9baae02f1b77bcea61bce332cb4331dc3617d254df3323aa01ab47bd4",
                "sha256:cd70574b12bb8a4d2aaa0094515df2463cb429d8536cfb6c7ce983246983e5a6",
                "sha256:d0eccceffcb53201b5bfebb52600a5fb483a20b61da9dbc885f8b103cbe7598c",
                "sha256:d965bba47ddeec8cd560687584e88cf699fd28f192ceb452d1d7ee807c5597b7",
                "sha256:db364eca23f876da6f9e16c9da0df51aa4f104a972735574842618b8c6d999d4",
                "sha256:ddbb2551d7e0102e7252db79ba445cdab71b26640817ab1e3e3648dad515003b",
                "sha256:deb6be0ac38ece9ba87dea880e438f25ca3eddfac8b002a2ec3d9183a454e8ae",
                "sha256:e06ed3eb3218bc64786f7db41917d4e686cc4856944f53d5bdf83a6884432e12",
                "sha256:e27ad930a842b4c5eb8ac0016b0a54f5aebbe679340c26101df33424142c143c",
                "sha256:e537484df0d8f426ce2afb2d0f8e1c3d0b114b83f8850e5f2fbea0e797bd82ae",
                "sha256:eb00ed941194665c332bf8e078baf037d6c35d7c4f3102ea2d4f16ca94a26dc8",
                "sha256:eb6904c354526e758fda7167b33005998fb68c46fbc10e013ca97f21ca5c8887",
                "sha256:eb8821e09e916165e160797a6c17edda0679379a4be5c716c260e836e122f54b",
                "sha256:efcb3f6676480691518c177e3b465bcddf57cea040302f9f4e6e191af91174d4",
                "sha256:f27273b60488abe721a075bcca6d7f3964f9f6f067c8c4c605743023d7d3944f",
                "sha256:f30c3cb33b24454a82faecaf01b19c18562b1e89558fb6c56de4d9118a032fd5",
                "sha256:fb69256e180cb6c8a894fee62b3afebae785babc1ee98b81cdf68bbca1987f33",
                "sha256:fd1abc0d89e30cc4e02e4064dc67fcc51bd941eb395c502aac3ec19fab46b519",
                "sha256:ff8fa367d09b717b2a17a052544193ad76cd49979c805768879cb63d9ca50561"
            ],
            "markers": "python_full_version >= '3.7.0'",
            "version": "==3.3.2"
        },
        "colorama": {
            "hashes": [
                "sha256:08695f5cb7ed6e0531a20572697297273c47b8cae5a63ffc6d6ed5c201be6e44",
                "sha256:4f1d9991f5acc0ca119f9d443620b77f9d6b33703e51011c16baf57afb285fc6"
            ],
            "markers": "python_version >= '2.7' and python_version not in '3.0, 3.1, 3.2, 3.3, 3.4, 3.5, 3.6'",
            "version": "==0.4.6"
        },
        "dill": {
            "hashes": [
                "sha256:76b122c08ef4ce2eedcd4d1abd8e641114bfc6c2867f49f3c41facf65bf19f5e",
                "sha256:cc1c8b182eb3013e24bd475ff2e9295af86c1a38eb1aff128dac8962a9ce3c03"
            ],
            "markers": "python_version >= '3.7'",
            "version": "==0.3.7"
        },
        "exceptiongroup": {
            "hashes": [
                "sha256:4bfd3996ac73b41e9b9628b04e079f193850720ea5945fc96a08633c66912f14",
                "sha256:91f5c769735f051a4290d52edd0858999b57e5876e9f85937691bd4c9fa3ed68"
            ],
            "markers": "python_version < '3.11'",
            "version": "==1.2.0"
        },
        "iceberg": {
            "hashes": [
                "sha256:aeeecc45f9ffabbd97b47ea9eeae9f7f2beb8fb10a62ff27537c35d0c8eaa404"
            ],
            "index": "pypi",
            "version": "==0.4"
        },
        "idna": {
            "hashes": [
                "sha256:9ecdbbd083b06798ae1e86adcbfe8ab1479cf864e4ee30fe4e46a003d12491ca",
                "sha256:c05567e9c24a6b9faaa835c4821bad0590fbb9d5779e7caa6e1cc4978e7eb24f"
            ],
            "markers": "python_version >= '3.5'",
            "version": "==3.6"
        },
        "iniconfig": {
            "hashes": [
                "sha256:2d91e135bf72d31a410b17c16da610a82cb55f6b0477d1a902134b24a455b8b3",
                "sha256:b6a85871a79d2e3b22d2d1b94ac2824226a63c6b741c88f7ae975f18b6778374"
            ],
            "markers": "python_version >= '3.7'",
            "version": "==2.0.0"
        },
        "msgpack": {
            "hashes": [
                "sha256:04ad6069c86e531682f9e1e71b71c1c3937d6014a7c3e9edd2aa81ad58842862",
                "sha256:0bfdd914e55e0d2c9e1526de210f6fe8ffe9705f2b1dfcc4aecc92a4cb4b533d",
                "sha256:1dc93e8e4653bdb5910aed79f11e165c85732067614f180f70534f056da97db3",
                "sha256:1e2d69948e4132813b8d1131f29f9101bc2c915f26089a6d632001a5c1349672",
                "sha256:235a31ec7db685f5c82233bddf9858748b89b8119bf4538d514536c485c15fe0",
                "sha256:27dcd6f46a21c18fa5e5deed92a43d4554e3df8d8ca5a47bf0615d6a5f39dbc9",
                "sha256:28efb066cde83c479dfe5a48141a53bc7e5f13f785b92ddde336c716663039ee",
                "sha256:3476fae43db72bd11f29a5147ae2f3cb22e2f1a91d575ef130d2bf49afd21c46",
                "sha256:36e17c4592231a7dbd2ed09027823ab295d2791b3b1efb2aee874b10548b7524",
                "sha256:384d779f0d6f1b110eae74cb0659d9aa6ff35aaf547b3955abf2ab4c901c4819",
                "sha256:38949d30b11ae5f95c3c91917ee7a6b239f5ec276f271f28638dec9156f82cfc",
                "sha256:3967e4ad1aa9da62fd53e346ed17d7b2e922cba5ab93bdd46febcac39be636fc",
                "sha256:3e7bf4442b310ff154b7bb9d81eb2c016b7d597e364f97d72b1acc3817a0fdc1",
                "sha256:3f0c8c6dfa6605ab8ff0611995ee30d4f9fcff89966cf562733b4008a3d60d82",
                "sha256:484ae3240666ad34cfa31eea7b8c6cd2f1fdaae21d73ce2974211df099a95d81",
                "sha256:4a7b4f35de6a304b5533c238bee86b670b75b03d31b7797929caa7a624b5dda6",
                "sha256:4cb14ce54d9b857be9591ac364cb08dc2d6a5c4318c1182cb1d02274029d590d",
                "sha256:4e71bc4416de195d6e9b4ee93ad3f2f6b2ce11d042b4d7a7ee00bbe0358bd0c2",
                "sha256:52700dc63a4676669b341ba33520f4d6e43d3ca58d422e22ba66d1736b0a6e4c",
                "sha256:572efc93db7a4d27e404501975ca6d2d9775705c2d922390d878fcf768d92c87",
                "sha256:576eb384292b139821c41995523654ad82d1916da6a60cff129c715a6223ea84",
                "sha256:5b0bf0effb196ed76b7ad883848143427a73c355ae8e569fa538365064188b8e",
                "sha256:5b6ccc0c85916998d788b295765ea0e9cb9aac7e4a8ed71d12e7d8ac31c23c95",
                "sha256:5ed82f5a7af3697b1c4786053736f24a0efd0a1b8a130d4c7bfee4b9ded0f08f",
                "sha256:6d4c80667de2e36970ebf74f42d1088cc9ee7ef5f4e8c35eee1b40eafd33ca5b",
                "sha256:730076207cb816138cf1af7f7237b208340a2c5e749707457d70705715c93b93",
                "sha256:7687e22a31e976a0e7fc99c2f4d11ca45eff652a81eb8c8085e9609298916dcf",
                "sha256:822ea70dc4018c7e6223f13affd1c5c30c0f5c12ac1f96cd8e9949acddb48a61",
                "sha256:84b0daf226913133f899ea9b30618722d45feffa67e4fe867b0b5ae83a34060c",
                "sha256:85765fdf4b27eb5086f05ac0491090fc76f4f2b28e09d9350c31aac25a5aaff8",
                "sha256:8dd178c4c80706546702c59529ffc005681bd6dc2ea234c450661b205445a34d",
                "sha256:8f5b234f567cf76ee489502ceb7165c2a5cecec081db2b37e35332b537f8157c",
                "sha256:98bbd754a422a0b123c66a4c341de0474cad4a5c10c164ceed6ea090f3563db4",
                "sha256:993584fc821c58d5993521bfdcd31a4adf025c7d745bbd4d12ccfecf695af5ba",
                "sha256:a40821a89dc373d6427e2b44b572efc36a2778d3f543299e2f24eb1a5de65415",
                "sha256:b291f0ee7961a597cbbcc77709374087fa2a9afe7bdb6a40dbbd9b127e79afee",
                "sha256:b573a43ef7c368ba4ea06050a957c2a7550f729c31f11dd616d2ac4aba99888d",
                "sha256:b610ff0f24e9f11c9ae653c67ff8cc03c075131401b3e5ef4b82570d1728f8a9",
                "sha256:bdf38ba2d393c7911ae989c3bbba510ebbcdf4ecbdbfec36272abe350c454075",
                "sha256:bfef2bb6ef068827bbd021017a107194956918ab43ce4d6dc945ffa13efbc25f",
                "sha256:cab3db8bab4b7e635c1c97270d7a4b2a90c070b33cbc00c99ef3f9be03d3e1f7",
                "sha256:cb70766519500281815dfd7a87d3a178acf7ce95390544b8c90587d76b227681",
                "sha256:cca1b62fe70d761a282496b96a5e51c44c213e410a964bdffe0928e611368329",
                "sha256:ccf9a39706b604d884d2cb1e27fe973bc55f2890c52f38df742bc1d79ab9f5e1",
                "sha256:dc43f1ec66eb8440567186ae2f8c447d91e0372d793dfe8c222aec857b81a8cf",
                "sha256:dd632777ff3beaaf629f1ab4396caf7ba0bdd075d948a69460d13d44357aca4c",
                "sha256:e45ae4927759289c30ccba8d9fdce62bb414977ba158286b5ddaf8df2cddb5c5",
                "sha256:e50ebce52f41370707f1e21a59514e3375e3edd6e1832f5e5235237db933c98b",
                "sha256:ebbbba226f0a108a7366bf4b59bf0f30a12fd5e75100c630267d94d7f0ad20e5",
                "sha256:ec79ff6159dffcc30853b2ad612ed572af86c92b5168aa3fc01a67b0fa40665e",
                "sha256:f0936e08e0003f66bfd97e74ee530427707297b0d0361247e9b4f59ab78ddc8b",
                "sha256:f26a07a6e877c76a88e3cecac8531908d980d3d5067ff69213653649ec0f60ad",
                "sha256:f64e376cd20d3f030190e8c32e1c64582eba56ac6dc7d5b0b49a9d44021b52fd",
                "sha256:f6ffbc252eb0d229aeb2f9ad051200668fc3a9aaa8994e49f0cb2ffe2b7867e7",
                "sha256:f9a7c509542db4eceed3dcf21ee5267ab565a83555c9b88a8109dcecc4709002",
                "sha256:ff1d0899f104f3921d94579a5638847f783c9b04f2d5f229392ca77fba5b82fc"
            ],
            "markers": "python_version >= '3.8'",
            "version": "==1.0.7"
        },
        "netifaces": {
            "hashes": [
                "sha256:043a79146eb2907edf439899f262b3dfe41717d34124298ed281139a8b93ca32",
                "sha256:08e3f102a59f9eaef70948340aeb6c89bd09734e0dca0f3b82720305729f63ea",
                "sha256:0f6133ac02521270d9f7c490f0c8c60638ff4aec8338efeff10a1b51506abe85",
                "sha256:18917fbbdcb2d4f897153c5ddbb56b31fa6dd7c3fa9608b7e3c3a663df8206b5",
                "sha256:2479bb4bb50968089a7c045f24d120f37026d7e802ec134c4490eae994c729b5",
                "sha256:2650beee182fed66617e18474b943e72e52f10a24dc8cac1db36c41ee9c041b7",
                "sha256:28f4bf3a1361ab3ed93c5ef360c8b7d4a4ae060176a3529e72e5e4ffc4afd8b0",
                "sha256:3ecb3f37c31d5d51d2a4d935cfa81c9bc956687c6f5237021b36d6fdc2815b2c",
                "sha256:469fc61034f3daf095e02f9f1bbac07927b826c76b745207287bc594884cfd05",
                "sha256:48324183af7f1bc44f5f197f3dad54a809ad1ef0c78baee2c88f16a5de02c4c9",
                "sha256:50721858c935a76b83dd0dd1ab472cad0a3ef540a1408057624604002fcfb45b",
                "sha256:54ff6624eb95b8a07e79aa8817288659af174e954cca24cdb0daeeddfc03c4ff",
                "sha256:5be83986100ed1fdfa78f11ccff9e4757297735ac17391b95e17e74335c2047d",
                "sha256:5f9ca13babe4d845e400921973f6165a4c2f9f3379c7abfc7478160e25d196a4",
                "sha256:73ff21559675150d31deea8f1f8d7e9a9a7e4688732a94d71327082f517fc6b4",
                "sha256:7dbb71ea26d304e78ccccf6faccef71bb27ea35e259fb883cfd7fd7b4f17ecb1",
                "sha256:815eafdf8b8f2e61370afc6add6194bd5a7252ae44c667e96c4c1ecf418811e4",
                "sha256:841aa21110a20dc1621e3dd9f922c64ca64dd1eb213c47267a2c324d823f6c8f",
                "sha256:84e4d2e6973eccc52778735befc01638498781ce0e39aa2044ccfd2385c03246",
                "sha256:8f7da24eab0d4184715d96208b38d373fd15c37b0dafb74756c638bd619ba150",
                "sha256:96c0fe9696398253f93482c84814f0e7290eee0bfec11563bd07d80d701280c3",
                "sha256:aab1dbfdc55086c789f0eb37affccf47b895b98d490738b81f3b2360100426be",
                "sha256:c03fb2d4ef4e393f2e6ffc6376410a22a3544f164b336b3a355226653e5efd89",
                "sha256:c37a1ca83825bc6f54dddf5277e9c65dec2f1b4d0ba44b8fd42bc30c91aa6ea1",
                "sha256:c92ff9ac7c2282009fe0dcb67ee3cd17978cffbe0c8f4b471c00fe4325c9b4d4",
                "sha256:c9a3a47cd3aaeb71e93e681d9816c56406ed755b9442e981b07e3618fb71d2ac",
                "sha256:cb925e1ca024d6f9b4f9b01d83215fd00fe69d095d0255ff3f64bffda74025c8",
                "sha256:d07b01c51b0b6ceb0f09fc48ec58debd99d2c8430b09e56651addeaf5de48048",
                "sha256:e76c7f351e0444721e85f975ae92718e21c1f361bda946d60a214061de1f00a1",
                "sha256:eb4813b77d5df99903af4757ce980a98c4d702bbcb81f32a0b305a1537bdf0b1"
            ],
            "version": "==0.11.0"
        },
        "ntplib": {
            "hashes": [
                "sha256:899d8fb5f8c2555213aea95efca02934c7343df6ace9d7628a5176b176906267",
                "sha256:8d27375329ed7ff38755f7b6d4658b28edc147cadf40338a63a0da8133469d60"
            ],
            "version": "==0.4.0"
        },
        "packaging": {
            "hashes": [
                "sha256:048fb0e9405036518eaaf48a55953c750c11e1a1b68e0dd1a9d62ed0c092cfc5",
                "sha256:8c491190033a9af7e1d931d0b5dacc2ef47509b34dd0de67ed209b5203fc88c7"
            ],
            "markers": "python_version >= '3.7'",
            "version": "==23.2"
        },
        "parse": {
            "hashes": [
                "sha256:5e171b001452fa9f004c5a58a93525175468daf69b493e9fa915347ed7ff6968",
                "sha256:bd28bae37714b45d5894d77160a16e2be36b64a3b618c81168b3684676aa498b"
            ],
            "version": "==1.20.0"
        },
        "pluggy": {
            "hashes": [
                "sha256:cf61ae8f126ac6f7c451172cf30e3e43d3ca77615509771b3a984a0730651e12",
                "sha256:d89c696a773f8bd377d18e5ecda92b7a3793cbe66c87060a6fb58c7b6e1061f7"
            ],
            "markers": "python_version >= '3.8'",
            "version": "==1.3.0"
        },
        "py4j": {
            "hashes": [
                "sha256:0b6e5315bb3ada5cf62ac651d107bb2ebc02def3dee9d9548e3baac644ea8dbb",
                "sha256:85defdfd2b2376eb3abf5ca6474b51ab7e0de341c75a02f46dc9b5976f5a5c1b"
            ],
            "version": "==0.10.9.7"
        },
        "pyspark": {
            "hashes": [
                "sha256:d41a9b76bd2aca370a6100d075c029e22ba44c5940927877e9435a3a9c566558"
            ],
            "index": "pypi",
            "markers": "python_version >= '3.8'",
            "version": "==3.5.0"
        },
        "pytest": {
            "hashes": [
                "sha256:0d009c083ea859a71b76adf7c1d502e4bc170b80a8ef002da5806527b9591fac",
                "sha256:d989d136982de4e3b29dabcc838ad581c64e8ed52c11fbe86ddebd9da0818cd5"
            ],
            "index": "pypi",
            "markers": "python_version >= '3.7'",
            "version": "==7.4.3"
        },
        "pyzmq": {
            "hashes": [
                "sha256:019e59ef5c5256a2c7378f2fb8560fc2a9ff1d315755204295b2eab96b254d0a",
                "sha256:034239843541ef7a1aee0c7b2cb7f6aafffb005ede965ae9cbd49d5ff4ff73cf",
                "sha256:03b3f49b57264909aacd0741892f2aecf2f51fb053e7d8ac6767f6c700832f45",
                "sha256:047a640f5c9c6ade7b1cc6680a0e28c9dd5a0825135acbd3569cc96ea00b2505",
                "sha256:04ccbed567171579ec2cebb9c8a3e30801723c575601f9a990ab25bcac6b51e2",
                "sha256:057e824b2aae50accc0f9a0570998adc021b372478a921506fddd6c02e60308e",
                "sha256:11baebdd5fc5b475d484195e49bae2dc64b94a5208f7c89954e9e354fc609d8f",
                "sha256:11c1d2aed9079c6b0c9550a7257a836b4a637feb334904610f06d70eb44c56d2",
                "sha256:11d58723d44d6ed4dd677c5615b2ffb19d5c426636345567d6af82be4dff8a55",
                "sha256:12720a53e61c3b99d87262294e2b375c915fea93c31fc2336898c26d7aed34cd",
                "sha256:17ef5f01d25b67ca8f98120d5fa1d21efe9611604e8eb03a5147360f517dd1e2",
                "sha256:18d43df3f2302d836f2a56f17e5663e398416e9dd74b205b179065e61f1a6edf",
                "sha256:1a5d26fe8f32f137e784f768143728438877d69a586ddeaad898558dc971a5ae",
                "sha256:1af379b33ef33757224da93e9da62e6471cf4a66d10078cf32bae8127d3d0d4a",
                "sha256:1ccf825981640b8c34ae54231b7ed00271822ea1c6d8ba1090ebd4943759abf5",
                "sha256:21eb4e609a154a57c520e3d5bfa0d97e49b6872ea057b7c85257b11e78068222",
                "sha256:2243700cc5548cff20963f0ca92d3e5e436394375ab8a354bbea2b12911b20b0",
                "sha256:255ca2b219f9e5a3a9ef3081512e1358bd4760ce77828e1028b818ff5610b87b",
                "sha256:259c22485b71abacdfa8bf79720cd7bcf4b9d128b30ea554f01ae71fdbfdaa23",
                "sha256:25f0e6b78220aba09815cd1f3a32b9c7cb3e02cb846d1cfc526b6595f6046618",
                "sha256:273bc3959bcbff3f48606b28229b4721716598d76b5aaea2b4a9d0ab454ec062",
                "sha256:292fe3fc5ad4a75bc8df0dfaee7d0babe8b1f4ceb596437213821f761b4589f9",
                "sha256:2ca57a5be0389f2a65e6d3bb2962a971688cbdd30b4c0bd188c99e39c234f414",
                "sha256:2d163a18819277e49911f7461567bda923461c50b19d169a062536fffe7cd9d2",
                "sha256:2d81f1ddae3858b8299d1da72dd7d19dd36aab654c19671aa8a7e7fb02f6638a",
                "sha256:2f957ce63d13c28730f7fd6b72333814221c84ca2421298f66e5143f81c9f91f",
                "sha256:330f9e188d0d89080cde66dc7470f57d1926ff2fb5576227f14d5be7ab30b9fa",
                "sha256:34c850ce7976d19ebe7b9d4b9bb8c9dfc7aac336c0958e2651b88cbd46682123",
                "sha256:35b5ab8c28978fbbb86ea54958cd89f5176ce747c1fb3d87356cf698048a7790",
                "sha256:3669cf8ee3520c2f13b2e0351c41fea919852b220988d2049249db10046a7afb",
                "sha256:381469297409c5adf9a0e884c5eb5186ed33137badcbbb0560b86e910a2f1e76",
                "sha256:3d0a409d3b28607cc427aa5c30a6f1e4452cc44e311f843e05edb28ab5e36da0",
                "sha256:44e58a0554b21fc662f2712814a746635ed668d0fbc98b7cb9d74cb798d202e6",
                "sha256:458dea649f2f02a0b244ae6aef8dc29325a2810aa26b07af8374dc2a9faf57e3",
                "sha256:48e466162a24daf86f6b5ca72444d2bf39a5e58da5f96370078be67c67adc978",
                "sha256:49d238cf4b69652257db66d0c623cd3e09b5d2e9576b56bc067a396133a00d4a",
                "sha256:4ca1ed0bb2d850aa8471387882247c68f1e62a4af0ce9c8a1dbe0d2bf69e41fb",
                "sha256:52533489f28d62eb1258a965f2aba28a82aa747202c8fa5a1c7a43b5db0e85c1",
                "sha256:548d6482dc8aadbe7e79d1b5806585c8120bafa1ef841167bc9090522b610fa6",
                "sha256:5619f3f5a4db5dbb572b095ea3cb5cc035335159d9da950830c9c4db2fbb6995",
                "sha256:57459b68e5cd85b0be8184382cefd91959cafe79ae019e6b1ae6e2ba8a12cda7",
                "sha256:5a34d2395073ef862b4032343cf0c32a712f3ab49d7ec4f42c9661e0294d106f",
                "sha256:61706a6b6c24bdece85ff177fec393545a3191eeda35b07aaa1458a027ad1304",
                "sha256:724c292bb26365659fc434e9567b3f1adbdb5e8d640c936ed901f49e03e5d32e",
                "sha256:73461eed88a88c866656e08f89299720a38cb4e9d34ae6bf5df6f71102570f2e",
                "sha256:76705c9325d72a81155bb6ab48d4312e0032bf045fb0754889133200f7a0d849",
                "sha256:76c1c8efb3ca3a1818b837aea423ff8a07bbf7aafe9f2f6582b61a0458b1a329",
                "sha256:77a41c26205d2353a4c94d02be51d6cbdf63c06fbc1295ea57dad7e2d3381b71",
                "sha256:79986f3b4af059777111409ee517da24a529bdbd46da578b33f25580adcff728",
                "sha256:7cff25c5b315e63b07a36f0c2bab32c58eafbe57d0dce61b614ef4c76058c115",
                "sha256:7f7e58effd14b641c5e4dec8c7dab02fb67a13df90329e61c869b9cc607ef752",
                "sha256:820c4a08195a681252f46926de10e29b6bbf3e17b30037bd4250d72dd3ddaab8",
                "sha256:87e34f31ca8f168c56d6fbf99692cc8d3b445abb5bfd08c229ae992d7547a92a",
                "sha256:8f03d3f0d01cb5a018debeb412441996a517b11c5c17ab2001aa0597c6d6882c",
                "sha256:90f26dc6d5f241ba358bef79be9ce06de58d477ca8485e3291675436d3827cf8",
                "sha256:955215ed0604dac5b01907424dfa28b40f2b2292d6493445dd34d0dfa72586a8",
                "sha256:985bbb1316192b98f32e25e7b9958088431d853ac63aca1d2c236f40afb17c83",
                "sha256:a382372898a07479bd34bda781008e4a954ed8750f17891e794521c3e21c2e1c",
                "sha256:a882ac0a351288dd18ecae3326b8a49d10c61a68b01419f3a0b9a306190baf69",
                "sha256:aa8d6cdc8b8aa19ceb319aaa2b660cdaccc533ec477eeb1309e2a291eaacc43a",
                "sha256:abc719161780932c4e11aaebb203be3d6acc6b38d2f26c0f523b5b59d2fc1996",
                "sha256:abf34e43c531bbb510ae7e8f5b2b1f2a8ab93219510e2b287a944432fad135f3",
                "sha256:ade6d25bb29c4555d718ac6d1443a7386595528c33d6b133b258f65f963bb0f6",
                "sha256:afea96f64efa98df4da6958bae37f1cbea7932c35878b185e5982821bc883369",
                "sha256:b1579413ae492b05de5a6174574f8c44c2b9b122a42015c5292afa4be2507f28",
                "sha256:b3451108ab861040754fa5208bca4a5496c65875710f76789a9ad27c801a0075",
                "sha256:b9af3757495c1ee3b5c4e945c1df7be95562277c6e5bccc20a39aec50f826cd0",
                "sha256:bc16ac425cc927d0a57d242589f87ee093884ea4804c05a13834d07c20db203c",
                "sha256:c2910967e6ab16bf6fbeb1f771c89a7050947221ae12a5b0b60f3bca2ee19bca",
                "sha256:c2b92812bd214018e50b6380ea3ac0c8bb01ac07fcc14c5f86a5bb25e74026e9",
                "sha256:c2f20ce161ebdb0091a10c9ca0372e023ce24980d0e1f810f519da6f79c60800",
                "sha256:c56d748ea50215abef7030c72b60dd723ed5b5c7e65e7bc2504e77843631c1a6",
                "sha256:c7c133e93b405eb0d36fa430c94185bdd13c36204a8635470cccc200723c13bb",
                "sha256:c9c6c9b2c2f80747a98f34ef491c4d7b1a8d4853937bb1492774992a120f475d",
                "sha256:cbc8df5c6a88ba5ae385d8930da02201165408dde8d8322072e3e5ddd4f68e22",
                "sha256:cff084c6933680d1f8b2f3b4ff5bbb88538a4aac00d199ac13f49d0698727ecb",
                "sha256:d2045d6d9439a0078f2a34b57c7b18c4a6aef0bee37f22e4ec9f32456c852c71",
                "sha256:d20a0ddb3e989e8807d83225a27e5c2eb2260eaa851532086e9e0fa0d5287d83",
                "sha256:d457aed310f2670f59cc5b57dcfced452aeeed77f9da2b9763616bd57e4dbaae",
                "sha256:d89528b4943d27029a2818f847c10c2cecc79fa9590f3cb1860459a5be7933eb",
                "sha256:db0b2af416ba735c6304c47f75d348f498b92952f5e3e8bff449336d2728795d",
                "sha256:deee9ca4727f53464daf089536e68b13e6104e84a37820a88b0a057b97bba2d2",
                "sha256:df27ffddff4190667d40de7beba4a950b5ce78fe28a7dcc41d6f8a700a80a3c0",
                "sha256:e0c95ddd4f6e9fca4e9e3afaa4f9df8552f0ba5d1004e89ef0a68e1f1f9807c7",
                "sha256:e1c1be77bc5fb77d923850f82e55a928f8638f64a61f00ff18a67c7404faf008",
                "sha256:e1ffa1c924e8c72778b9ccd386a7067cddf626884fd8277f503c48bb5f51c762",
                "sha256:e2400a94f7dd9cb20cd012951a0cbf8249e3d554c63a9c0cdfd5cbb6c01d2dec",
                "sha256:e61f091c3ba0c3578411ef505992d356a812fb200643eab27f4f70eed34a29ef",
                "sha256:e8a701123029cc240cea61dd2d16ad57cab4691804143ce80ecd9286b464d180",
                "sha256:eadbefd5e92ef8a345f0525b5cfd01cf4e4cc651a2cffb8f23c0dd184975d787",
                "sha256:f32260e556a983bc5c7ed588d04c942c9a8f9c2e99213fec11a031e316874c7e",
                "sha256:f8115e303280ba09f3898194791a153862cbf9eef722ad8f7f741987ee2a97c7",
                "sha256:fedbdc753827cf014c01dbbee9c3be17e5a208dcd1bf8641ce2cd29580d1f0d4"
            ],
            "markers": "python_version >= '3.6'",
            "version": "==25.1.1"
        },
        "radical.entk": {
            "hashes": [
                "sha256:cc3aa7d569892bd052d519d9e929183d0ff5418c9564299cc4c4a07ad3ba6f93"
            ],
            "markers": "python_version >= '3.6'",
            "version": "==1.41.0"
        },
        "radical.gtod": {
            "hashes": [
                "sha256:666a45089039bc58d8cdd63259cb14e5e05ba5077b871744ebd5a445bd33c795"
            ],
            "markers": "python_version >= '3.6'",
            "version": "==1.41.0"
        },
        "radical.pilot": {
            "hashes": [
                "sha256:d68f1831af79e6ff4a6b613477be44e51e129406faccce05dab24fb7b8c5406c"
            ],
            "markers": "python_version >= '3.6'",
            "version": "==1.41.0"
        },
        "radical.saga": {
            "hashes": [
                "sha256:fabfda94ceb92c009c53fd2e165ecfbe062754495a28836f65331b938e646b38"
            ],
            "markers": "python_version >= '3.6'",
            "version": "==1.41.0"
        },
        "radical.utils": {
            "hashes": [
                "sha256:92e1f5a18aedd032e5e49c2b2db9cf8b94e0dd9c1ae9e87fa4e03b48a685150c"
            ],
            "markers": "python_version >= '3.6'",
            "version": "==1.42.0"
        },
        "regex": {
            "hashes": [
                "sha256:00ba3c9818e33f1fa974693fb55d24cdc8ebafcb2e4207680669d8f8d7cca79a",
                "sha256:00e871d83a45eee2f8688d7e6849609c2ca2a04a6d48fba3dff4deef35d14f07",
                "sha256:06e9abc0e4c9ab4779c74ad99c3fc10d3967d03114449acc2c2762ad4472b8ca",
                "sha256:0b9ac09853b2a3e0d0082104036579809679e7715671cfbf89d83c1cb2a30f58",
                "sha256:0d47840dc05e0ba04fe2e26f15126de7c755496d5a8aae4a08bda4dd8d646c54",
                "sha256:0f649fa32fe734c4abdfd4edbb8381c74abf5f34bc0b3271ce687b23729299ed",
                "sha256:107ac60d1bfdc3edb53be75e2a52aff7481b92817cfdddd9b4519ccf0e54a6ff",
                "sha256:11175910f62b2b8c055f2b089e0fedd694fe2be3941b3e2633653bc51064c528",
                "sha256:12bd4bc2c632742c7ce20db48e0d99afdc05e03f0b4c1af90542e05b809a03d9",
                "sha256:16f8740eb6dbacc7113e3097b0a36065a02e37b47c936b551805d40340fb9971",
                "sha256:1c0e8fae5b27caa34177bdfa5a960c46ff2f78ee2d45c6db15ae3f64ecadde14",
                "sha256:2c54e23836650bdf2c18222c87f6f840d4943944146ca479858404fedeb9f9af",
                "sha256:3367007ad1951fde612bf65b0dffc8fd681a4ab98ac86957d16491400d661302",
                "sha256:36362386b813fa6c9146da6149a001b7bd063dabc4d49522a1f7aa65b725c7ec",
                "sha256:39807cbcbe406efca2a233884e169d056c35aa7e9f343d4e78665246a332f597",
                "sha256:39cdf8d141d6d44e8d5a12a8569d5a227f645c87df4f92179bd06e2e2705e76b",
                "sha256:3b2c3502603fab52d7619b882c25a6850b766ebd1b18de3df23b2f939360e1bd",
                "sha256:3ccf2716add72f80714b9a63899b67fa711b654be3fcdd34fa391d2d274ce767",
                "sha256:3fef4f844d2290ee0ba57addcec17eec9e3df73f10a2748485dfd6a3a188cc0f",
                "sha256:4023e2efc35a30e66e938de5aef42b520c20e7eda7bb5fb12c35e5d09a4c43f6",
                "sha256:4a3ee019a9befe84fa3e917a2dd378807e423d013377a884c1970a3c2792d293",
                "sha256:4a8bf76e3182797c6b1afa5b822d1d5802ff30284abe4599e1247be4fd6b03be",
                "sha256:4a992f702c9be9c72fa46f01ca6e18d131906a7180950958f766c2aa294d4b41",
                "sha256:4c34d4f73ea738223a094d8e0ffd6d2c1a1b4c175da34d6b0de3d8d69bee6bcc",
                "sha256:4cd1bccf99d3ef1ab6ba835308ad85be040e6a11b0977ef7ea8c8005f01a3c29",
                "sha256:4ef80829117a8061f974b2fda8ec799717242353bff55f8a29411794d635d964",
                "sha256:58837f9d221744d4c92d2cf7201c6acd19623b50c643b56992cbd2b745485d3d",
                "sha256:5a8f91c64f390ecee09ff793319f30a0f32492e99f5dc1c72bc361f23ccd0a9a",
                "sha256:5addc9d0209a9afca5fc070f93b726bf7003bd63a427f65ef797a931782e7edc",
                "sha256:6239d4e2e0b52c8bd38c51b760cd870069f0bdf99700a62cd509d7a031749a55",
                "sha256:66e2fe786ef28da2b28e222c89502b2af984858091675044d93cb50e6f46d7af",
                "sha256:69c0771ca5653c7d4b65203cbfc5e66db9375f1078689459fe196fe08b7b4930",
                "sha256:6ac965a998e1388e6ff2e9781f499ad1eaa41e962a40d11c7823c9952c77123e",
                "sha256:6c56c3d47da04f921b73ff9415fbaa939f684d47293f071aa9cbb13c94afc17d",
                "sha256:6f85739e80d13644b981a88f529d79c5bdf646b460ba190bffcaf6d57b2a9863",
                "sha256:706e7b739fdd17cb89e1fbf712d9dc21311fc2333f6d435eac2d4ee81985098c",
                "sha256:741ba2f511cc9626b7561a440f87d658aabb3d6b744a86a3c025f866b4d19e7f",
                "sha256:7434a61b158be563c1362d9071358f8ab91b8d928728cd2882af060481244c9e",
                "sha256:76066d7ff61ba6bf3cb5efe2428fc82aac91802844c022d849a1f0f53820502d",
                "sha256:7979b834ec7a33aafae34a90aad9f914c41fd6eaa8474e66953f3f6f7cbd4368",
                "sha256:7eece6fbd3eae4a92d7c748ae825cbc1ee41a89bb1c3db05b5578ed3cfcfd7cb",
                "sha256:7ef1e014eed78ab650bef9a6a9cbe50b052c0aebe553fb2881e0453717573f52",
                "sha256:81dce2ddc9f6e8f543d94b05d56e70d03a0774d32f6cca53e978dc01e4fc75b8",
                "sha256:82fcc1f1cc3ff1ab8a57ba619b149b907072e750815c5ba63e7aa2e1163384a4",
                "sha256:8d1f21af4c1539051049796a0f50aa342f9a27cde57318f2fc41ed50b0dbc4ac",
                "sha256:90a79bce019c442604662d17bf69df99090e24cdc6ad95b18b6725c2988a490e",
                "sha256:9145f092b5d1977ec8c0ab46e7b3381b2fd069957b9862a43bd383e5c01d18c2",
                "sha256:91dc1d531f80c862441d7b66c4505cd6ea9d312f01fb2f4654f40c6fdf5cc37a",
                "sha256:979c24cbefaf2420c4e377ecd1f165ea08cc3d1fbb44bdc51bccbbf7c66a2cb4",
                "sha256:994645a46c6a740ee8ce8df7911d4aee458d9b1bc5639bc968226763d07f00fa",
                "sha256:9b98b7681a9437262947f41c7fac567c7e1f6eddd94b0483596d320092004533",
                "sha256:9c6b4d23c04831e3ab61717a707a5d763b300213db49ca680edf8bf13ab5d91b",
                "sha256:9c6d0ced3c06d0f183b73d3c5920727268d2201aa0fe6d55c60d68c792ff3588",
                "sha256:9fd88f373cb71e6b59b7fa597e47e518282455c2734fd4306a05ca219a1991b0",
                "sha256:a8f4e49fc3ce020f65411432183e6775f24e02dff617281094ba6ab079ef0915",
                "sha256:a9e908ef5889cda4de038892b9accc36d33d72fb3e12c747e2799a0e806ec841",
                "sha256:ad08a69728ff3c79866d729b095872afe1e0557251da4abb2c5faff15a91d19a",
                "sha256:adbccd17dcaff65704c856bd29951c58a1bd4b2b0f8ad6b826dbd543fe740988",
                "sha256:b0c7d2f698e83f15228ba41c135501cfe7d5740181d5903e250e47f617eb4292",
                "sha256:b3ab05a182c7937fb374f7e946f04fb23a0c0699c0450e9fb02ef567412d2fa3",
                "sha256:b6104f9a46bd8743e4f738afef69b153c4b8b592d35ae46db07fc28ae3d5fb7c",
                "sha256:ba7cd6dc4d585ea544c1412019921570ebd8a597fabf475acc4528210d7c4a6f",
                "sha256:bc72c231f5449d86d6c7d9cc7cd819b6eb30134bb770b8cfdc0765e48ef9c420",
                "sha256:bce8814b076f0ce5766dc87d5a056b0e9437b8e0cd351b9a6c4e1134a7dfbda9",
                "sha256:be5e22bbb67924dea15039c3282fa4cc6cdfbe0cbbd1c0515f9223186fc2ec5f",
                "sha256:be6b7b8d42d3090b6c80793524fa66c57ad7ee3fe9722b258aec6d0672543fd0",
                "sha256:bfe50b61bab1b1ec260fa7cd91106fa9fece57e6beba05630afe27c71259c59b",
                "sha256:bff507ae210371d4b1fe316d03433ac099f184d570a1a611e541923f78f05037",
                "sha256:c148bec483cc4b421562b4bcedb8e28a3b84fcc8f0aa4418e10898f3c2c0eb9b",
                "sha256:c15ad0aee158a15e17e0495e1e18741573d04eb6da06d8b84af726cfc1ed02ee",
                "sha256:c2169b2dcabf4e608416f7f9468737583ce5f0a6e8677c4efbf795ce81109d7c",
                "sha256:c55853684fe08d4897c37dfc5faeff70607a5f1806c8be148f1695be4a63414b",
                "sha256:c65a3b5330b54103e7d21cac3f6bf3900d46f6d50138d73343d9e5b2900b2353",
                "sha256:c7964c2183c3e6cce3f497e3a9f49d182e969f2dc3aeeadfa18945ff7bdd7051",
                "sha256:cc3f1c053b73f20c7ad88b0d1d23be7e7b3901229ce89f5000a8399746a6e039",
                "sha256:ce615c92d90df8373d9e13acddd154152645c0dc060871abf6bd43809673d20a",
                "sha256:d29338556a59423d9ff7b6eb0cb89ead2b0875e08fe522f3e068b955c3e7b59b",
                "sha256:d8a993c0a0ffd5f2d3bda23d0cd75e7086736f8f8268de8a82fbc4bd0ac6791e",
                "sha256:d9c727bbcf0065cbb20f39d2b4f932f8fa1631c3e01fcedc979bd4f51fe051c5",
                "sha256:dac37cf08fcf2094159922edc7a2784cfcc5c70f8354469f79ed085f0328ebdf",
                "sha256:dd829712de97753367153ed84f2de752b86cd1f7a88b55a3a775eb52eafe8a94",
                "sha256:e54ddd0bb8fb626aa1f9ba7b36629564544954fff9669b15da3610c22b9a0991",
                "sha256:e77c90ab5997e85901da85131fd36acd0ed2221368199b65f0d11bca44549711",
                "sha256:ebedc192abbc7fd13c5ee800e83a6df252bec691eb2c4bedc9f8b2e2903f5e2a",
                "sha256:ef71561f82a89af6cfcbee47f0fabfdb6e63788a9258e913955d89fdd96902ab",
                "sha256:f0a47efb1dbef13af9c9a54a94a0b814902e547b7f21acb29434504d18f36e3a",
                "sha256:f4f2ca6df64cbdd27f27b34f35adb640b5d2d77264228554e68deda54456eb11",
                "sha256:fb02e4257376ae25c6dd95a5aec377f9b18c09be6ebdefa7ad209b9137b73d48"
            ],
            "markers": "python_version >= '3.7'",
            "version": "==2023.10.3"
        },
        "requests": {
            "hashes": [
                "sha256:58cd2187c01e70e6e26505bca751777aa9f2ee0b7f4300988b709f44e013003f",
                "sha256:942c5a758f98d790eaed1a29cb6eefc7ffb0d1cf7af05c3d2791656dbd6ad1e1"
            ],
            "markers": "python_version >= '3.7'",
            "version": "==2.31.0"
        },
        "setproctitle": {
            "hashes": [
                "sha256:00e6e7adff74796ef12753ff399491b8827f84f6c77659d71bd0b35870a17d8f",
                "sha256:059f4ce86f8cc92e5860abfc43a1dceb21137b26a02373618d88f6b4b86ba9b2",
                "sha256:088b9efc62d5aa5d6edf6cba1cf0c81f4488b5ce1c0342a8b67ae39d64001120",
                "sha256:0d3a953c50776751e80fe755a380a64cb14d61e8762bd43041ab3f8cc436092f",
                "sha256:1342f4fdb37f89d3e3c1c0a59d6ddbedbde838fff5c51178a7982993d238fe4f",
                "sha256:184239903bbc6b813b1a8fc86394dc6ca7d20e2ebe6f69f716bec301e4b0199d",
                "sha256:195c961f54a09eb2acabbfc90c413955cf16c6e2f8caa2adbf2237d1019c7dd8",
                "sha256:1f5d9027eeda64d353cf21a3ceb74bb1760bd534526c9214e19f052424b37e42",
                "sha256:200620c3b15388d7f3f97e0ae26599c0c378fdf07ae9ac5a13616e933cbd2086",
                "sha256:200ede6fd11233085ba9b764eb055a2a191fb4ffb950c68675ac53c874c22e20",
                "sha256:21112fcd2195d48f25760f0eafa7a76510871bbb3b750219310cf88b04456ae3",
                "sha256:224602f0939e6fb9d5dd881be1229d485f3257b540f8a900d4271a2c2aa4e5f4",
                "sha256:287490eb90e7a0ddd22e74c89a92cc922389daa95babc833c08cf80c84c4df0a",
                "sha256:2982efe7640c4835f7355fdb4da313ad37fb3b40f5c69069912f8048f77b28c8",
                "sha256:2df2b67e4b1d7498632e18c56722851ba4db5d6a0c91aaf0fd395111e51cdcf4",
                "sha256:2e4a8104db15d3462e29d9946f26bed817a5b1d7a47eabca2d9dc2b995991503",
                "sha256:2e71f6365744bf53714e8bd2522b3c9c1d83f52ffa6324bd7cbb4da707312cd8",
                "sha256:334f7ed39895d692f753a443102dd5fed180c571eb6a48b2a5b7f5b3564908c8",
                "sha256:33c5609ad51cd99d388e55651b19148ea99727516132fb44680e1f28dd0d1de9",
                "sha256:37a62cbe16d4c6294e84670b59cf7adcc73faafe6af07f8cb9adaf1f0e775b19",
                "sha256:38ae9a02766dad331deb06855fb7a6ca15daea333b3967e214de12cfae8f0ef5",
                "sha256:38da436a0aaace9add67b999eb6abe4b84397edf4a78ec28f264e5b4c9d53cd5",
                "sha256:415bfcfd01d1fbf5cbd75004599ef167a533395955305f42220a585f64036081",
                "sha256:417de6b2e214e837827067048f61841f5d7fc27926f2e43954567094051aff18",
                "sha256:477d3da48e216d7fc04bddab67b0dcde633e19f484a146fd2a34bb0e9dbb4a1e",
                "sha256:4a6ba2494a6449b1f477bd3e67935c2b7b0274f2f6dcd0f7c6aceae10c6c6ba3",
                "sha256:4fe1c49486109f72d502f8be569972e27f385fe632bd8895f4730df3c87d5ac8",
                "sha256:507e8dc2891021350eaea40a44ddd887c9f006e6b599af8d64a505c0f718f170",
                "sha256:53bc0d2358507596c22b02db079618451f3bd720755d88e3cccd840bafb4c41c",
                "sha256:554eae5a5b28f02705b83a230e9d163d645c9a08914c0ad921df363a07cf39b1",
                "sha256:59335d000c6250c35989394661eb6287187854e94ac79ea22315469ee4f4c244",
                "sha256:5a740f05d0968a5a17da3d676ce6afefebeeeb5ce137510901bf6306ba8ee002",
                "sha256:5bc94cf128676e8fac6503b37763adb378e2b6be1249d207630f83fc325d9b11",
                "sha256:64286f8a995f2cd934082b398fc63fca7d5ffe31f0e27e75b3ca6b4efda4e353",
                "sha256:664698ae0013f986118064b6676d7dcd28fefd0d7d5a5ae9497cbc10cba48fa5",
                "sha256:68f960bc22d8d8e4ac886d1e2e21ccbd283adcf3c43136161c1ba0fa509088e0",
                "sha256:69d565d20efe527bd8a9b92e7f299ae5e73b6c0470f3719bd66f3cd821e0d5bd",
                "sha256:6a143b31d758296dc2f440175f6c8e0b5301ced3b0f477b84ca43cdcf7f2f476",
                "sha256:6a249415f5bb88b5e9e8c4db47f609e0bf0e20a75e8d744ea787f3092ba1f2d0",
                "sha256:6b9e62ddb3db4b5205c0321dd69a406d8af9ee1693529d144e86bd43bcb4b6c0",
                "sha256:7f1d36a1e15a46e8ede4e953abb104fdbc0845a266ec0e99cc0492a4364f8c44",
                "sha256:816330675e3504ae4d9a2185c46b573105d2310c20b19ea2b4596a9460a4f674",
                "sha256:87e668f9561fd3a457ba189edfc9e37709261287b52293c115ae3487a24b92f6",
                "sha256:897a73208da48db41e687225f355ce993167079eda1260ba5e13c4e53be7f754",
                "sha256:8c331e91a14ba4076f88c29c777ad6b58639530ed5b24b5564b5ed2fd7a95452",
                "sha256:950f6476d56ff7817a8fed4ab207727fc5260af83481b2a4b125f32844df513a",
                "sha256:9617b676b95adb412bb69645d5b077d664b6882bb0d37bfdafbbb1b999568d85",
                "sha256:9e3b99b338598de0bd6b2643bf8c343cf5ff70db3627af3ca427a5e1a1a90dd9",
                "sha256:a1fcac43918b836ace25f69b1dca8c9395253ad8152b625064415b1d2f9be4fb",
                "sha256:a680d62c399fa4b44899094027ec9a1bdaf6f31c650e44183b50d4c4d0ccc085",
                "sha256:a6d50252377db62d6a0bb82cc898089916457f2db2041e1d03ce7fadd4a07381",
                "sha256:a83ca086fbb017f0d87f240a8f9bbcf0809f3b754ee01cec928fff926542c450",
                "sha256:a911b26264dbe9e8066c7531c0591cfab27b464459c74385b276fe487ca91c12",
                "sha256:ab2900d111e93aff5df9fddc64cf51ca4ef2c9f98702ce26524f1acc5a786ae7",
                "sha256:ab92e51cd4a218208efee4c6d37db7368fdf182f6e7ff148fb295ecddf264287",
                "sha256:accb66d7b3ccb00d5cd11d8c6e07055a4568a24c95cf86109894dcc0c134cc89",
                "sha256:ad6d20f9541f5f6ac63df553b6d7a04f313947f550eab6a61aa758b45f0d5657",
                "sha256:aeaa71fb9568ebe9b911ddb490c644fbd2006e8c940f21cb9a1e9425bd709574",
                "sha256:af2c67ae4c795d1674a8d3ac1988676fa306bcfa1e23fddb5e0bd5f5635309ca",
                "sha256:af4061f67fd7ec01624c5e3c21f6b7af2ef0e6bab7fbb43f209e6506c9ce0092",
                "sha256:b1067647ac7aba0b44b591936118a22847bda3c507b0a42d74272256a7a798e9",
                "sha256:b5901a31012a40ec913265b64e48c2a4059278d9f4e6be628441482dd13fb8b5",
                "sha256:bbbd6c7de0771c84b4aa30e70b409565eb1fc13627a723ca6be774ed6b9d9fa3",
                "sha256:bdfd7254745bb737ca1384dee57e6523651892f0ea2a7344490e9caefcc35e64",
                "sha256:c05ac48ef16ee013b8a326c63e4610e2430dbec037ec5c5b58fcced550382b74",
                "sha256:c1c84beab776b0becaa368254801e57692ed749d935469ac10e2b9b825dbdd8e",
                "sha256:c32c41ace41f344d317399efff4cffb133e709cec2ef09c99e7a13e9f3b9483c",
                "sha256:c3ba57029c9c50ecaf0c92bb127224cc2ea9fda057b5d99d3f348c9ec2855ad3",
                "sha256:c7951820b77abe03d88b114b998867c0f99da03859e5ab2623d94690848d3e45",
                "sha256:c913e151e7ea01567837ff037a23ca8740192880198b7fbb90b16d181607caae",
                "sha256:c9a402881ec269d0cc9c354b149fc29f9ec1a1939a777f1c858cdb09c7a261df",
                "sha256:cbf16381c7bf7f963b58fb4daaa65684e10966ee14d26f5cc90f07049bfd8c1e",
                "sha256:d4460795a8a7a391e3567b902ec5bdf6c60a47d791c3b1d27080fc203d11c9dc",
                "sha256:d7f27e0268af2d7503386e0e6be87fb9b6657afd96f5726b733837121146750d",
                "sha256:d876d355c53d975c2ef9c4f2487c8f83dad6aeaaee1b6571453cb0ee992f55f6",
                "sha256:da0d57edd4c95bf221b2ebbaa061e65b1788f1544977288bdf95831b6e44e44d",
                "sha256:ddedd300cd690a3b06e7eac90ed4452348b1348635777ce23d460d913b5b63c3",
                "sha256:df3f4274b80709d8bcab2f9a862973d453b308b97a0b423a501bcd93582852e3",
                "sha256:e18b7bd0898398cc97ce2dfc83bb192a13a087ef6b2d5a8a36460311cb09e775",
                "sha256:e5119a211c2e98ff18b9908ba62a3bd0e3fabb02a29277a7232a6fb4b2560aa0",
                "sha256:e5e08e232b78ba3ac6bc0d23ce9e2bee8fad2be391b7e2da834fc9a45129eb87",
                "sha256:eae8988e78192fd1a3245a6f4f382390b61bce6cfcc93f3809726e4c885fa68d",
                "sha256:f05e66746bf9fe6a3397ec246fe481096664a9c97eb3fea6004735a4daf867fd",
                "sha256:f1da82c3e11284da4fcbf54957dafbf0655d2389cd3d54e4eaba636faf6d117a",
                "sha256:f38d48abc121263f3b62943f84cbaede05749047e428409c2c199664feb6abc7",
                "sha256:f5e7266498cd31a4572378c61920af9f6b4676a73c299fce8ba93afd694f8ae7",
                "sha256:fc74e84fdfa96821580fb5e9c0b0777c1c4779434ce16d3d62a9c4d8c710df39",
                "sha256:ff814dea1e5c492a4980e3e7d094286077054e7ea116cbeda138819db194b2cd"
            ],
            "markers": "python_version >= '3.7'",
            "version": "==1.3.3"
        },
        "tomli": {
            "hashes": [
                "sha256:939de3e7a6161af0c887ef91b7d41a53e7c5a1ca976325f429cb46ea9bc30ecc",
                "sha256:de526c12914f0c550d15924c62d72abc48d6fe7364aa87328337a31007fe8a4f"
            ],
            "markers": "python_version < '3.11'",
            "version": "==2.0.1"
        },
        "urllib3": {
            "hashes": [
                "sha256:55901e917a5896a349ff771be919f8bd99aff50b79fe58fec595eb37bbc56bb3",
                "sha256:df7aa8afb0148fa78488e7899b2c59b5f4ffcfa82e6c54ccb9dd37c1d7b52d54"
            ],
            "markers": "python_version >= '3.8'",
            "version": "==2.1.0"
        }
    },
    "develop": {}
}
